
Microsoft Visual Studio Solution File, Format Version 12.00
# Visual Studio Version 16
VisualStudioVersion = 16.0.30309.148
MinimumVisualStudioVersion = 10.0.40219.1
Project("{FAE04EC0-301F-11D3-BF4B-00C04F79EFBC}") = "OAuthExample", "OAuthExample\OAuthExample.csproj", "{91407268-9AD5-47BF-88F9-1B40C825578E}"
EndProject
Global
	GlobalSection(SolutionConfigurationPlatforms) = preSolution
		Debug|Any CPU = Debug|Any CPU
		Release|Any CPU = Release|Any CPU
	EndGlobalSection
	GlobalSection(ProjectConfigurationPlatforms) = postSolution
		{91407268-9AD5-47BF-88F9-1B40C825578E}.Debug|Any CPU.ActiveCfg = Debug|Any CPU
		{91407268-9AD5-47BF-88F9-1B40C825578E}.Debug|Any CPU.Build.0 = Debug|Any CPU
		{91407268-9AD5-47BF-88F9-1B40C825578E}.Release|Any CPU.ActiveCfg = Release|Any CPU
		{91407268-9AD5-47BF-88F9-1B40C825578E}.Release|Any CPU.Build.0 = Release|Any CPU
	EndGlobalSection
	GlobalSection(SolutionProperties) = preSolution
		HideSolutionNode = FALSE
	EndGlobalSection
	GlobalSection(ExtensibilityGlobals) = postSolution
		SolutionGuid = {30B5030E-8802-4A79-95EB-778CD2D267B8}
	EndGlobalSection
EndGlobal
